// !$*UTF8*$!
{
	archiveVersion = 1;
	classes = {
	};
	objectVersion = 46;
	objects = {

/* Begin PBXBuildFile section */
		E43B8EBB174DC28900F8C5FB /* BuiltinsToolchain.c in Sources */ = {isa = PBXBuildFile; fileRef = E4BB18DB173462A800B8CDD1 /* BuiltinsToolchain.c */; };
		E447F7FA17749CB90081E1DF /* CalcChain.c in Sources */ = {isa = PBXBuildFile; fileRef = E49E051C176A04AA002E1492 /* CalcChain.c */; };
		E447F7FC1774A6780081E1DF /* CalcChain.c in Sources */ = {isa = PBXBuildFile; fileRef = E49E051C176A04AA002E1492 /* CalcChain.c */; };
		E45034CE175813440079B62D /* libTEST-RUNTIME.a in Frameworks */ = {isa = PBXBuildFile; fileRef = E4E4918017510B35006FCA59 /* libTEST-RUNTIME.a */; };
		E45034CF175813490079B62D /* test_mac.c in Sources */ = {isa = PBXBuildFile; fileRef = E45034B9175811FB0079B62D /* test_mac.c */; };
		E45034D11758153E0079B62D /* OpenGL.framework in Frameworks */ = {isa = PBXBuildFile; fileRef = E45034D01758153E0079B62D /* OpenGL.framework */; };
		E45034D3175815420079B62D /* GLUT.framework in Frameworks */ = {isa = PBXBuildFile; fileRef = E45034D2175815420079B62D /* GLUT.framework */; };
		E45034E4175CDA4A0079B62D /* TMToolchain.c in Sources */ = {isa = PBXBuildFile; fileRef = E45034E3175CDA4A0079B62D /* TMToolchain.c */; };
		E45034ED175CDDA30079B62D /* psd_dec.c in Sources */ = {isa = PBXBuildFile; fileRef = E45034EC175CDDA30079B62D /* psd_dec.c */; settings = {COMPILER_FLAGS = "-IExtensions/TextureManager"; }; };
		E45034F3175D80FA0079B62D /* pspl_tm_config.c in Sources */ = {isa = PBXBuildFile; fileRef = E45034F2175D80F90079B62D /* pspl_tm_config.c */; settings = {COMPILER_FLAGS = "-IExtensions/TextureManager"; }; };
		E45034F51760DC220079B62D /* rgb_enc.c in Sources */ = {isa = PBXBuildFile; fileRef = E45034F41760DC220079B62D /* rgb_enc.c */; settings = {COMPILER_FLAGS = "-IExtensions/TextureManager"; }; };
		E45591D6174ADA8F00CE0A08 /* Packager.c in Sources */ = {isa = PBXBuildFile; fileRef = E4AFAE9B172DB2D400F7A0BF /* Packager.c */; };
		E45591D8174D60C100CE0A08 /* gx_toolchain.c in Sources */ = {isa = PBXBuildFile; fileRef = E45591D7174D60C100CE0A08 /* gx_toolchain.c */; };
		E462EEA71778C12F00211193 /* PSPLRuntimeThreads.h in Headers */ = {isa = PBXBuildFile; fileRef = E4C527101778A4FF00D1D822 /* PSPLRuntimeThreads.h */; };
		E462EEA91778FC5B00211193 /* gl_runtime_ios.m in Sources */ = {isa = PBXBuildFile; fileRef = E462EEA81778FC0200211193 /* gl_runtime_ios.m */; };
		E48FF5601764CF29000231AA /* IRToolchain.c in Sources */ = {isa = PBXBuildFile; fileRef = E48FF55F1764CF29000231AA /* IRToolchain.c */; };
		E48FF5631764D91C000231AA /* IRRuntime.c in Sources */ = {isa = PBXBuildFile; fileRef = E48FF5611764CF31000231AA /* IRRuntime.c */; };
		E4995F2F173E8C55003B06BF /* hash_builtin.c in Sources */ = {isa = PBXBuildFile; fileRef = E4995F2E173E8C55003B06BF /* hash_builtin.c */; };
		E4995F3B1740578E003B06BF /* ReferenceGatherer.c in Sources */ = {isa = PBXBuildFile; fileRef = E4995F3A1740578E003B06BF /* ReferenceGatherer.c */; };
		E4995F3E17411620003B06BF /* ObjectIndexer.c in Sources */ = {isa = PBXBuildFile; fileRef = E4995F3D17411620003B06BF /* ObjectIndexer.c */; };
		E4AFAE96172D898B00F7A0BF /* Preprocessor.c in Sources */ = {isa = PBXBuildFile; fileRef = E4AFAE95172D898B00F7A0BF /* Preprocessor.c */; };
		E4AFAE99172D899D00F7A0BF /* Compiler.c in Sources */ = {isa = PBXBuildFile; fileRef = E4AFAE98172D899D00F7A0BF /* Compiler.c */; };
		E4AFAEA217315D4000F7A0BF /* Buffer.c in Sources */ = {isa = PBXBuildFile; fileRef = E4AFAEA117315D4000F7A0BF /* Buffer.c */; };
		E4AFAEA3173161B500F7A0BF /* Driver.c in Sources */ = {isa = PBXBuildFile; fileRef = E4AFAE46171CA34700F7A0BF /* Driver.c */; };
		E4B7BCF0173C9DC0002A513E /* gx_offline.c in Sources */ = {isa = PBXBuildFile; fileRef = E4AFAE6B171D825400F7A0BF /* gx_offline.c */; };
		E4C5270F1778A36300D1D822 /* SMRuntime.c in Sources */ = {isa = PBXBuildFile; fileRef = E4C5270E1778A32D00D1D822 /* SMRuntime.c */; };
		E4C527151778B81300D1D822 /* RuntimeThreads.c in Sources */ = {isa = PBXBuildFile; fileRef = E4C527141778B71900D1D822 /* RuntimeThreads.c */; };
		E4C5E8B6177E12DB00D73E7D /* TMRuntime_d3d.cpp in Sources */ = {isa = PBXBuildFile; fileRef = E4C5E8B3177E04A600D73E7D /* TMRuntime_d3d.cpp */; };
		E4C5E8B7177E1BAC00D73E7D /* TMRuntime.c in Sources */ = {isa = PBXBuildFile; fileRef = E45034E5175CDA560079B62D /* TMRuntime.c */; };
		E4E4916F17510685006FCA59 /* PSPLCommon.c in Sources */ = {isa = PBXBuildFile; fileRef = E4E4916E17510684006FCA59 /* PSPLCommon.c */; };
		E4E491731751094E006FCA59 /* gl_toolchain.c in Sources */ = {isa = PBXBuildFile; fileRef = E4E491721751094E006FCA59 /* gl_toolchain.c */; };
		E4E49179175109D4006FCA59 /* d3d_toolchain.c in Sources */ = {isa = PBXBuildFile; fileRef = E4E49178175109D4006FCA59 /* d3d_toolchain.c */; };
		E4E4918417510B40006FCA59 /* RuntimeCore.c in Sources */ = {isa = PBXBuildFile; fileRef = E4E4916C175105FF006FCA59 /* RuntimeCore.c */; };
		E4E4918517510B4D006FCA59 /* gl_runtime.c in Sources */ = {isa = PBXBuildFile; fileRef = E4E4917417510956006FCA59 /* gl_runtime.c */; };
		E4E4918617510B59006FCA59 /* d3d_runtime.c in Sources */ = {isa = PBXBuildFile; fileRef = E4E4917A175109DD006FCA59 /* d3d_runtime.c */; };
		E4E4918917511863006FCA59 /* PSPLCommon.c in Sources */ = {isa = PBXBuildFile; fileRef = E4E4916E17510684006FCA59 /* PSPLCommon.c */; };
		E4E4918E1753FAD3006FCA59 /* pspl_available_runtime_extensions.c in Sources */ = {isa = PBXBuildFile; fileRef = E4E4918C1753FACF006FCA59 /* pspl_available_runtime_extensions.c */; };
		E4E4918F1753FAD6006FCA59 /* pspl_available_toolchain_extensions.c in Sources */ = {isa = PBXBuildFile; fileRef = E4E4918D1753FACF006FCA59 /* pspl_available_toolchain_extensions.c */; };
/* End PBXBuildFile section */

/* Begin PBXContainerItemProxy section */
		E45034CC1758133F0079B62D /* PBXContainerItemProxy */ = {
			isa = PBXContainerItemProxy;
			containerPortal = E4AFAE1F171C8F8E00F7A0BF /* Project object */;
			proxyType = 1;
			remoteGlobalIDString = E4E4917F17510B35006FCA59;
			remoteInfo = "TEST-RUNTIME";
		};
/* End PBXContainerItemProxy section */

/* Begin PBXCopyFilesBuildPhase section */
		E4AFAE59171CF46500F7A0BF /* CopyFiles */ = {
			isa = PBXCopyFilesBuildPhase;
			buildActionMask = 2147483647;
			dstPath = /usr/share/man/man1/;
			dstSubfolderSpec = 0;
			files = (
			);
			runOnlyForDeploymentPostprocessing = 1;
		};
/* End PBXCopyFilesBuildPhase section */

/* Begin PBXFileReference section */
		E40231C017543F2100DE076A /* api.docurium */ = {isa = PBXFileReference; fileEncoding = 4; lastKnownFileType = text; path = api.docurium; sourceTree = "<group>"; };
		E44E3FE9176E3A9C00665937 /* PSPL_IR.h */ = {isa = PBXFileReference; lastKnownFileType = sourcecode.c.h; path = PSPL_IR.h; sourceTree = "<group>"; };
		E45034B8175811860079B62D /* CMakeLists.txt */ = {isa = PBXFileReference; fileEncoding = 4; lastKnownFileType = text; path = CMakeLists.txt; sourceTree = "<group>"; };
		E45034B9175811FB0079B62D /* test_mac.c */ = {isa = PBXFileReference; fileEncoding = 4; lastKnownFileType = sourcecode.c.c; path = test_mac.c; sourceTree = "<group>"; };
		E45034BB175812050079B62D /* test_wii.c */ = {isa = PBXFileReference; fileEncoding = 4; lastKnownFileType = sourcecode.c.c; path = test_wii.c; sourceTree = "<group>"; };
		E45034BD175812110079B62D /* test_win.c */ = {isa = PBXFileReference; fileEncoding = 4; lastKnownFileType = sourcecode.c.c; path = test_win.c; sourceTree = "<group>"; };
		E45034C31758131E0079B62D /* TEST-APP */ = {isa = PBXFileReference; explicitFileType = "compiled.mach-o.executable"; includeInIndex = 0; path = "TEST-APP"; sourceTree = BUILT_PRODUCTS_DIR; };
		E45034D01758153E0079B62D /* OpenGL.framework */ = {isa = PBXFileReference; lastKnownFileType = wrapper.framework; name = OpenGL.framework; path = Platforms/MacOSX.platform/Developer/SDKs/MacOSX10.8.sdk/System/Library/Frameworks/OpenGL.framework; sourceTree = DEVELOPER_DIR; };
		E45034D2175815420079B62D /* GLUT.framework */ = {isa = PBXFileReference; lastKnownFileType = wrapper.framework; name = GLUT.framework; path = Platforms/MacOSX.platform/Developer/SDKs/MacOSX10.8.sdk/System/Library/Frameworks/GLUT.framework; sourceTree = DEVELOPER_DIR; };
		E45034D4175819BC0079B62D /* PSPLRuntime.h */ = {isa = PBXFileReference; lastKnownFileType = sourcecode.c.h; path = PSPLRuntime.h; sourceTree = "<group>"; };
		E45034DD175CD5860079B62D /* CMakeLists.txt */ = {isa = PBXFileReference; fileEncoding = 4; lastKnownFileType = text; path = CMakeLists.txt; sourceTree = "<group>"; };
		E45034DE175CD5E70079B62D /* CMakeLists.txt */ = {isa = PBXFileReference; fileEncoding = 4; lastKnownFileType = text; path = CMakeLists.txt; sourceTree = "<group>"; };
		E45034DF175CD5FF0079B62D /* CMakeLists.txt */ = {isa = PBXFileReference; fileEncoding = 4; lastKnownFileType = text; path = CMakeLists.txt; sourceTree = "<group>"; };
		E45034E0175CD9720079B62D /* pspl_tm_config.c.in */ = {isa = PBXFileReference; explicitFileType = sourcecode.c; fileEncoding = 4; path = pspl_tm_config.c.in; sourceTree = "<group>"; };
		E45034E2175CDA300079B62D /* TMToolchain.h */ = {isa = PBXFileReference; lastKnownFileType = sourcecode.c.h; path = TMToolchain.h; sourceTree = "<group>"; };
		E45034E3175CDA4A0079B62D /* TMToolchain.c */ = {isa = PBXFileReference; fileEncoding = 4; lastKnownFileType = sourcecode.c.c; path = TMToolchain.c; sourceTree = "<group>"; };
		E45034E5175CDA560079B62D /* TMRuntime.c */ = {isa = PBXFileReference; fileEncoding = 4; lastKnownFileType = sourcecode.c.c; path = TMRuntime.c; sourceTree = "<group>"; };
		E45034E9175CDB0B0079B62D /* pspl_tm_enc_def.h.in */ = {isa = PBXFileReference; explicitFileType = sourcecode.c.h; path = pspl_tm_enc_def.h.in; sourceTree = "<group>"; };
		E45034EA175CDB210079B62D /* pspl_tm_dec_def.h.in */ = {isa = PBXFileReference; explicitFileType = sourcecode.c.h; path = pspl_tm_dec_def.h.in; sourceTree = "<group>"; };
		E45034EB175CDCF80079B62D /* CMakeLists.txt */ = {isa = PBXFileReference; fileEncoding = 4; lastKnownFileType = text; path = CMakeLists.txt; sourceTree = "<group>"; };
		E45034EC175CDDA30079B62D /* psd_dec.c */ = {isa = PBXFileReference; fileEncoding = 4; lastKnownFileType = sourcecode.c.c; path = psd_dec.c; sourceTree = "<group>"; };
		E45034F2175D80F90079B62D /* pspl_tm_config.c */ = {isa = PBXFileReference; fileEncoding = 4; lastKnownFileType = sourcecode.c.c; name = pspl_tm_config.c; path = build/Extensions/TextureManager/pspl_tm_config.c; sourceTree = SOURCE_ROOT; };
		E45034F41760DC220079B62D /* rgb_enc.c */ = {isa = PBXFileReference; fileEncoding = 4; lastKnownFileType = sourcecode.c.c; path = rgb_enc.c; sourceTree = "<group>"; };
		E45034F61760DC300079B62D /* CMakeLists.txt */ = {isa = PBXFileReference; fileEncoding = 4; lastKnownFileType = text; path = CMakeLists.txt; sourceTree = "<group>"; };
		E45034F71760E2BE0079B62D /* TMCommon.h */ = {isa = PBXFileReference; lastKnownFileType = sourcecode.c.h; path = TMCommon.h; sourceTree = "<group>"; };
		E45591D7174D60C100CE0A08 /* gx_toolchain.c */ = {isa = PBXFileReference; fileEncoding = 4; lastKnownFileType = sourcecode.c.c; path = gx_toolchain.c; sourceTree = "<group>"; };
		E462EEA81778FC0200211193 /* gl_runtime_ios.m */ = {isa = PBXFileReference; lastKnownFileType = sourcecode.c.objc; path = gl_runtime_ios.m; sourceTree = "<group>"; };
		E48CCCBC1747D4D500DDDD63 /* ToolchainCrossWindows.cmake */ = {isa = PBXFileReference; fileEncoding = 4; lastKnownFileType = text; path = ToolchainCrossWindows.cmake; sourceTree = "<group>"; };
		E48FF55E1764CE15000231AA /* CMakeLists.txt */ = {isa = PBXFileReference; fileEncoding = 4; lastKnownFileType = text; path = CMakeLists.txt; sourceTree = "<group>"; };
		E48FF55F1764CF29000231AA /* IRToolchain.c */ = {isa = PBXFileReference; fileEncoding = 4; lastKnownFileType = sourcecode.c.c; path = IRToolchain.c; sourceTree = "<group>"; };
		E48FF5611764CF31000231AA /* IRRuntime.c */ = {isa = PBXFileReference; fileEncoding = 4; lastKnownFileType = sourcecode.c.c; path = IRRuntime.c; sourceTree = "<group>"; };
		E4995F2B173E8BCE003B06BF /* PSPLHash.h */ = {isa = PBXFileReference; lastKnownFileType = sourcecode.c.h; path = PSPLHash.h; sourceTree = "<group>"; };
		E4995F2C173E8C06003B06BF /* CMakeLists.txt */ = {isa = PBXFileReference; fileEncoding = 4; lastKnownFileType = text; path = CMakeLists.txt; sourceTree = "<group>"; };
		E4995F2D173E8C4D003B06BF /* hash_builtin.h */ = {isa = PBXFileReference; lastKnownFileType = sourcecode.c.h; path = hash_builtin.h; sourceTree = "<group>"; };
		E4995F2E173E8C55003B06BF /* hash_builtin.c */ = {isa = PBXFileReference; fileEncoding = 4; lastKnownFileType = sourcecode.c.c; path = hash_builtin.c; sourceTree = "<group>"; };
		E4995F30173E8C6C003B06BF /* hash_commoncrypto.h */ = {isa = PBXFileReference; lastKnownFileType = sourcecode.c.h; path = hash_commoncrypto.h; sourceTree = "<group>"; };
		E4995F31173E8C87003B06BF /* hash_openssl.h */ = {isa = PBXFileReference; lastKnownFileType = sourcecode.c.h; path = hash_openssl.h; sourceTree = "<group>"; };
		E4995F32173E8C92003B06BF /* hash_windows.h */ = {isa = PBXFileReference; lastKnownFileType = sourcecode.c.h; path = hash_windows.h; sourceTree = "<group>"; };
		E4995F3917405785003B06BF /* ReferenceGatherer.h */ = {isa = PBXFileReference; lastKnownFileType = sourcecode.c.h; path = ReferenceGatherer.h; sourceTree = "<group>"; };
		E4995F3A1740578E003B06BF /* ReferenceGatherer.c */ = {isa = PBXFileReference; fileEncoding = 4; lastKnownFileType = sourcecode.c.c; path = ReferenceGatherer.c; sourceTree = "<group>"; };
		E4995F3C17411617003B06BF /* ObjectIndexer.h */ = {isa = PBXFileReference; lastKnownFileType = sourcecode.c.h; path = ObjectIndexer.h; sourceTree = "<group>"; };
		E4995F3D17411620003B06BF /* ObjectIndexer.c */ = {isa = PBXFileReference; fileEncoding = 4; lastKnownFileType = sourcecode.c.c; lineEnding = 0; path = ObjectIndexer.c; sourceTree = "<group>"; xcLanguageSpecificationIdentifier = xcode.lang.c; };
		E49E051C176A04AA002E1492 /* CalcChain.c */ = {isa = PBXFileReference; lastKnownFileType = sourcecode.c.c; path = CalcChain.c; sourceTree = "<group>"; };
		E4AFAE28171C92B900F7A0BF /* COPYING */ = {isa = PBXFileReference; lastKnownFileType = text; path = COPYING; sourceTree = "<group>"; };
		E4AFAE29171C92BE00F7A0BF /* README.md */ = {isa = PBXFileReference; lastKnownFileType = text; path = README.md; sourceTree = "<group>"; };
		E4AFAE2A171C92D100F7A0BF /* README.md */ = {isa = PBXFileReference; lastKnownFileType = text; path = README.md; sourceTree = "<group>"; };
		E4AFAE2B171C92E000F7A0BF /* README.md */ = {isa = PBXFileReference; lastKnownFileType = text; path = README.md; sourceTree = "<group>"; };
		E4AFAE33171C941500F7A0BF /* PSPLCommon.h */ = {isa = PBXFileReference; indentWidth = 4; lastKnownFileType = sourcecode.c.h; path = PSPLCommon.h; sourceTree = "<group>"; tabWidth = 4; usesTabs = 0; };
		E4AFAE3F171C9E2C00F7A0BF /* README.md */ = {isa = PBXFileReference; lastKnownFileType = text; path = README.md; sourceTree = "<group>"; };
		E4AFAE40171C9E3700F7A0BF /* README.md */ = {isa = PBXFileReference; lastKnownFileType = text; path = README.md; sourceTree = "<group>"; };
		E4AFAE41171C9E3E00F7A0BF /* README.md */ = {isa = PBXFileReference; lastKnownFileType = text; path = README.md; sourceTree = "<group>"; };
		E4AFAE42171C9E4700F7A0BF /* README.md */ = {isa = PBXFileReference; lastKnownFileType = text; path = README.md; sourceTree = "<group>"; };
		E4AFAE45171CA0EF00F7A0BF /* README.md */ = {isa = PBXFileReference; lastKnownFileType = text; path = README.md; sourceTree = "<group>"; };
		E4AFAE46171CA34700F7A0BF /* Driver.c */ = {isa = PBXFileReference; lastKnownFileType = sourcecode.c.c; path = Driver.c; sourceTree = "<group>"; };
		E4AFAE4B171CA3DA00F7A0BF /* PSPLValue.h */ = {isa = PBXFileReference; lastKnownFileType = sourcecode.c.h; path = PSPLValue.h; sourceTree = "<group>"; };
		E4AFAE53171CA6C700F7A0BF /* PSPLToolchainExtension.h */ = {isa = PBXFileReference; lastKnownFileType = sourcecode.c.h; path = PSPLToolchainExtension.h; sourceTree = "<group>"; };
		E4AFAE54171CA6D700F7A0BF /* PSPLExtension.h */ = {isa = PBXFileReference; lastKnownFileType = sourcecode.c.h; path = PSPLExtension.h; sourceTree = "<group>"; };
		E4AFAE56171CA74A00F7A0BF /* PSPLRuntimeExtension.h */ = {isa = PBXFileReference; lastKnownFileType = sourcecode.c.h; path = PSPLRuntimeExtension.h; sourceTree = "<group>"; };
		E4AFAE5B171CF46500F7A0BF /* TEST-TOOLCHAIN */ = {isa = PBXFileReference; explicitFileType = "compiled.mach-o.executable"; includeInIndex = 0; path = "TEST-TOOLCHAIN"; sourceTree = BUILT_PRODUCTS_DIR; };
		E4AFAE6B171D825400F7A0BF /* gx_offline.c */ = {isa = PBXFileReference; fileEncoding = 4; lastKnownFileType = sourcecode.c.c; path = gx_offline.c; sourceTree = "<group>"; };
		E4AFAE6F171D83C900F7A0BF /* gx_runtime.c */ = {isa = PBXFileReference; fileEncoding = 4; lastKnownFileType = sourcecode.c.c; path = gx_runtime.c; sourceTree = "<group>"; };
		E4AFAE72171DFF1800F7A0BF /* CMakeLists.txt */ = {isa = PBXFileReference; fileEncoding = 4; indentWidth = 2; lastKnownFileType = text; path = CMakeLists.txt; sourceTree = "<group>"; tabWidth = 2; };
		E4AFAE74171EF74600F7A0BF /* PSPLConfig.cmake.in */ = {isa = PBXFileReference; fileEncoding = 4; lastKnownFileType = text; path = PSPLConfig.cmake.in; sourceTree = "<group>"; };
		E4AFAE75171EF76100F7A0BF /* PSPLArtPipelineMacros.cmake */ = {isa = PBXFileReference; fileEncoding = 4; lastKnownFileType = text; path = PSPLArtPipelineMacros.cmake; sourceTree = "<group>"; };
		E4AFAE76171EF78600F7A0BF /* PSPLExtensionMacros.cmake */ = {isa = PBXFileReference; fileEncoding = 4; lastKnownFileType = text; path = PSPLExtensionMacros.cmake; sourceTree = "<group>"; };
		E4AFAE77171EFF7900F7A0BF /* README.md */ = {isa = PBXFileReference; fileEncoding = 4; lastKnownFileType = text; path = README.md; sourceTree = "<group>"; };
		E4AFAE78171F002700F7A0BF /* CMakeLists.txt */ = {isa = PBXFileReference; fileEncoding = 4; lastKnownFileType = text; path = CMakeLists.txt; sourceTree = "<group>"; };
		E4AFAE791720D49B00F7A0BF /* gx_offline.h */ = {isa = PBXFileReference; lastKnownFileType = sourcecode.c.h; path = gx_offline.h; sourceTree = "<group>"; };
		E4AFAE7A1720DA7900F7A0BF /* gx_regdef.h */ = {isa = PBXFileReference; lastKnownFileType = sourcecode.c.h; path = gx_regdef.h; sourceTree = "<group>"; };
		E4AFAE7B1720DAC400F7A0BF /* gctypes.h */ = {isa = PBXFileReference; lastKnownFileType = sourcecode.c.h; path = gctypes.h; sourceTree = "<group>"; };
		E4AFAE821721A94B00F7A0BF /* pspl_extension_def.h.in */ = {isa = PBXFileReference; fileEncoding = 4; lastKnownFileType = text; path = pspl_extension_def.h.in; sourceTree = "<group>"; };
		E4AFAE8317238EC800F7A0BF /* CMakeLists.txt */ = {isa = PBXFileReference; fileEncoding = 4; lastKnownFileType = text; path = CMakeLists.txt; sourceTree = "<group>"; };
		E4AFAE8417259A1900F7A0BF /* CMakeLists.txt */ = {isa = PBXFileReference; fileEncoding = 4; lastKnownFileType = text; path = CMakeLists.txt; sourceTree = "<group>"; };
		E4AFAE8517259A2800F7A0BF /* CMakeLists.txt */ = {isa = PBXFileReference; fileEncoding = 4; lastKnownFileType = text; path = CMakeLists.txt; sourceTree = "<group>"; };
		E4AFAE8617259D0400F7A0BF /* pspl_available_extensions.c.in */ = {isa = PBXFileReference; fileEncoding = 4; lastKnownFileType = text; path = pspl_available_extensions.c.in; sourceTree = "<group>"; };
		E4AFAE881726DEC800F7A0BF /* README.md */ = {isa = PBXFileReference; lastKnownFileType = text; path = README.md; sourceTree = "<group>"; };
		E4AFAE8A1729A9BC00F7A0BF /* README.md */ = {isa = PBXFileReference; lastKnownFileType = text; path = README.md; sourceTree = "<group>"; };
		E4AFAE8C1729A9BC00F7A0BF /* SPECIFICATION.md */ = {isa = PBXFileReference; lastKnownFileType = text; path = SPECIFICATION.md; sourceTree = "<group>"; };
		E4AFAE8D1729A9CC00F7A0BF /* README.md */ = {isa = PBXFileReference; fileEncoding = 4; lastKnownFileType = text; path = README.md; sourceTree = "<group>"; };
		E4AFAE8F1729AB3C00F7A0BF /* README.md */ = {isa = PBXFileReference; fileEncoding = 4; lastKnownFileType = text; path = README.md; sourceTree = "<group>"; };
		E4AFAE911729D90E00F7A0BF /* PSPLInternal.h */ = {isa = PBXFileReference; lastKnownFileType = sourcecode.c.h; lineEnding = 0; path = PSPLInternal.h; sourceTree = "<group>"; xcLanguageSpecificationIdentifier = xcode.lang.objcpp; };
		E4AFAE93172D5F7900F7A0BF /* Driver.h */ = {isa = PBXFileReference; lastKnownFileType = sourcecode.c.h; path = Driver.h; sourceTree = "<group>"; };
		E4AFAE94172D898100F7A0BF /* Preprocessor.h */ = {isa = PBXFileReference; lastKnownFileType = sourcecode.c.h; path = Preprocessor.h; sourceTree = "<group>"; };
		E4AFAE95172D898B00F7A0BF /* Preprocessor.c */ = {isa = PBXFileReference; fileEncoding = 4; lastKnownFileType = sourcecode.c.c; path = Preprocessor.c; sourceTree = "<group>"; };
		E4AFAE97172D899400F7A0BF /* Compiler.h */ = {isa = PBXFileReference; lastKnownFileType = sourcecode.c.h; path = Compiler.h; sourceTree = "<group>"; };
		E4AFAE98172D899D00F7A0BF /* Compiler.c */ = {isa = PBXFileReference; fileEncoding = 4; lastKnownFileType = sourcecode.c.c; path = Compiler.c; sourceTree = "<group>"; };
		E4AFAE9B172DB2D400F7A0BF /* Packager.c */ = {isa = PBXFileReference; lastKnownFileType = sourcecode.c.c; path = Packager.c; sourceTree = "<group>"; };
		E4AFAE9C172DB2D400F7A0BF /* Packager.h */ = {isa = PBXFileReference; lastKnownFileType = sourcecode.c.h; path = Packager.h; sourceTree = "<group>"; };
		E4AFAEA017315D3800F7A0BF /* Buffer.h */ = {isa = PBXFileReference; lastKnownFileType = sourcecode.c.h; path = Buffer.h; sourceTree = "<group>"; };
		E4AFAEA117315D4000F7A0BF /* Buffer.c */ = {isa = PBXFileReference; fileEncoding = 4; lastKnownFileType = sourcecode.c.c; path = Buffer.c; sourceTree = "<group>"; };
		E4BB18D81734333800B8CDD1 /* README.md */ = {isa = PBXFileReference; fileEncoding = 4; lastKnownFileType = text; path = README.md; sourceTree = "<group>"; };
		E4BB18DB173462A800B8CDD1 /* BuiltinsToolchain.c */ = {isa = PBXFileReference; fileEncoding = 4; lastKnownFileType = sourcecode.c.c; path = BuiltinsToolchain.c; sourceTree = "<group>"; };
		E4BB18E31734635400B8CDD1 /* CMakeLists.txt */ = {isa = PBXFileReference; fileEncoding = 4; lastKnownFileType = text; path = CMakeLists.txt; sourceTree = "<group>"; };
		E4BB18E417347B3D00B8CDD1 /* pspl_platform_def.h.in */ = {isa = PBXFileReference; fileEncoding = 4; lastKnownFileType = text; path = pspl_platform_def.h.in; sourceTree = "<group>"; };
		E4BB18E61734803A00B8CDD1 /* CMakeLists.txt */ = {isa = PBXFileReference; fileEncoding = 4; lastKnownFileType = text; path = CMakeLists.txt; sourceTree = "<group>"; };
		E4C5270D1778A26100D1D822 /* CMakeLists.txt */ = {isa = PBXFileReference; lastKnownFileType = text; path = CMakeLists.txt; sourceTree = "<group>"; };
		E4C5270E1778A32D00D1D822 /* SMRuntime.c */ = {isa = PBXFileReference; lastKnownFileType = sourcecode.c.c; path = SMRuntime.c; sourceTree = "<group>"; };
		E4C527101778A4FF00D1D822 /* PSPLRuntimeThreads.h */ = {isa = PBXFileReference; lastKnownFileType = sourcecode.c.h; path = PSPLRuntimeThreads.h; sourceTree = "<group>"; };
		E4C527111778A8A200D1D822 /* FindGCD.cmake */ = {isa = PBXFileReference; lastKnownFileType = text; path = FindGCD.cmake; sourceTree = "<group>"; };
		E4C527131778AE5300D1D822 /* FindMacSDK.cmake */ = {isa = PBXFileReference; lastKnownFileType = text; path = FindMacSDK.cmake; sourceTree = "<group>"; };
		E4C527141778B71900D1D822 /* RuntimeThreads.c */ = {isa = PBXFileReference; lastKnownFileType = sourcecode.c.c; path = RuntimeThreads.c; sourceTree = "<group>"; };
		E4C5E8B3177E04A600D73E7D /* TMRuntime_d3d.cpp */ = {isa = PBXFileReference; lastKnownFileType = sourcecode.cpp.cpp; path = TMRuntime_d3d.cpp; sourceTree = "<group>"; };
		E4C5E8B4177E04A600D73E7D /* TMRuntime_d3d.h */ = {isa = PBXFileReference; lastKnownFileType = sourcecode.c.h; path = TMRuntime_d3d.h; sourceTree = "<group>"; };
		E4E4916C175105FF006FCA59 /* RuntimeCore.c */ = {isa = PBXFileReference; fileEncoding = 4; lastKnownFileType = sourcecode.c.c; path = RuntimeCore.c; sourceTree = "<group>"; };
		E4E4916E17510684006FCA59 /* PSPLCommon.c */ = {isa = PBXFileReference; fileEncoding = 4; lastKnownFileType = sourcecode.c.c; path = PSPLCommon.c; sourceTree = "<group>"; };
		E4E49170175108C4006FCA59 /* CMakeLists.txt */ = {isa = PBXFileReference; fileEncoding = 4; lastKnownFileType = text; path = CMakeLists.txt; sourceTree = "<group>"; };
		E4E491711751093A006FCA59 /* GL2_PSPLTypes.h */ = {isa = PBXFileReference; lastKnownFileType = sourcecode.c.h; path = GL2_PSPLTypes.h; sourceTree = "<group>"; };
		E4E491721751094E006FCA59 /* gl_toolchain.c */ = {isa = PBXFileReference; fileEncoding = 4; lastKnownFileType = sourcecode.c.c; path = gl_toolchain.c; sourceTree = "<group>"; };
		E4E4917417510956006FCA59 /* gl_runtime.c */ = {isa = PBXFileReference; fileEncoding = 4; lastKnownFileType = sourcecode.c.c; path = gl_runtime.c; sourceTree = "<group>"; };
		E4E49176175109A3006FCA59 /* CMakeLists.txt */ = {isa = PBXFileReference; fileEncoding = 4; lastKnownFileType = text; path = CMakeLists.txt; sourceTree = "<group>"; };
		E4E49177175109B7006FCA59 /* D3D11_PSPLTypes.h */ = {isa = PBXFileReference; lastKnownFileType = sourcecode.c.h; path = D3D11_PSPLTypes.h; sourceTree = "<group>"; };
		E4E49178175109D4006FCA59 /* d3d_toolchain.c */ = {isa = PBXFileReference; fileEncoding = 4; lastKnownFileType = sourcecode.c.c; path = d3d_toolchain.c; sourceTree = "<group>"; };
		E4E4917A175109DD006FCA59 /* d3d_runtime.c */ = {isa = PBXFileReference; fileEncoding = 4; lastKnownFileType = sourcecode.c.c; path = d3d_runtime.c; sourceTree = "<group>"; };
		E4E4918017510B35006FCA59 /* libTEST-RUNTIME.a */ = {isa = PBXFileReference; explicitFileType = archive.ar; includeInIndex = 0; path = "libTEST-RUNTIME.a"; sourceTree = BUILT_PRODUCTS_DIR; };
		E4E4918C1753FACF006FCA59 /* pspl_available_runtime_extensions.c */ = {isa = PBXFileReference; lastKnownFileType = sourcecode.c.c; name = pspl_available_runtime_extensions.c; path = build/pspl_available_runtime_extensions.c; sourceTree = "<group>"; };
		E4E4918D1753FACF006FCA59 /* pspl_available_toolchain_extensions.c */ = {isa = PBXFileReference; lastKnownFileType = sourcecode.c.c; name = pspl_available_toolchain_extensions.c; path = build/pspl_available_toolchain_extensions.c; sourceTree = "<group>"; };
		E4E7F23F1770040800E87FCB /* gl_common.h */ = {isa = PBXFileReference; lastKnownFileType = sourcecode.c.h; path = gl_common.h; sourceTree = "<group>"; };
		E4F078E4173AA5F9000D6699 /* GX_PSPLTypes.h */ = {isa = PBXFileReference; lastKnownFileType = sourcecode.c.h; path = GX_PSPLTypes.h; sourceTree = "<group>"; };
		E4F078E5173AA891000D6699 /* pspl_runtime_platform_typefile.pch.in */ = {isa = PBXFileReference; lastKnownFileType = text; path = pspl_runtime_platform_typefile.pch.in; sourceTree = "<group>"; };
/* End PBXFileReference section */

/* Begin PBXFrameworksBuildPhase section */
		E45034C01758131E0079B62D /* Frameworks */ = {
			isa = PBXFrameworksBuildPhase;
			buildActionMask = 2147483647;
			files = (
				E45034D3175815420079B62D /* GLUT.framework in Frameworks */,
				E45034D11758153E0079B62D /* OpenGL.framework in Frameworks */,
				E45034CE175813440079B62D /* libTEST-RUNTIME.a in Frameworks */,
			);
			runOnlyForDeploymentPostprocessing = 0;
		};
		E4AFAE58171CF46500F7A0BF /* Frameworks */ = {
			isa = PBXFrameworksBuildPhase;
			buildActionMask = 2147483647;
			files = (
			);
			runOnlyForDeploymentPostprocessing = 0;
		};
		E4E4917D17510B35006FCA59 /* Frameworks */ = {
			isa = PBXFrameworksBuildPhase;
			buildActionMask = 2147483647;
			files = (
			);
			runOnlyForDeploymentPostprocessing = 0;
		};
/* End PBXFrameworksBuildPhase section */

/* Begin PBXGroup section */
		E45034B7175811600079B62D /* Test */ = {
			isa = PBXGroup;
			children = (
				E45034B8175811860079B62D /* CMakeLists.txt */,
				E45034D2175815420079B62D /* GLUT.framework */,
				E45034D01758153E0079B62D /* OpenGL.framework */,
				E45034B9175811FB0079B62D /* test_mac.c */,
				E45034BB175812050079B62D /* test_wii.c */,
				E45034BD175812110079B62D /* test_win.c */,
			);
			path = Test;
			sourceTree = "<group>";
		};
		E45034D8175CD46A0079B62D /* Decoders */ = {
			isa = PBXGroup;
			children = (
				E45034DD175CD5860079B62D /* CMakeLists.txt */,
				E45034EE175CDFBF0079B62D /* PNG */,
				E45034EF175CDFC40079B62D /* JPEG */,
				E45034F0175CDFD30079B62D /* TGA */,
				E45034F1175CDFD80079B62D /* TIFF */,
				E4AFAE891729A9BC00F7A0BF /* PSD */,
				E4AFAE8B1729A9BC00F7A0BF /* XCF */,
				E4AFAE8E1729AB1100F7A0BF /* OpenRaster */,
			);
			path = Decoders;
			sourceTree = "<group>";
		};
		E45034D9175CD4720079B62D /* Encoders */ = {
			isa = PBXGroup;
			children = (
				E45034EB175CDCF80079B62D /* CMakeLists.txt */,
				E45034DB175CD53B0079B62D /* RGB */,
				E45034DA175CD50D0079B62D /* S3TC */,
				E45034DC175CD5410079B62D /* PVRTC */,
			);
			path = Encoders;
			sourceTree = "<group>";
		};
		E45034DA175CD50D0079B62D /* S3TC */ = {
			isa = PBXGroup;
			children = (
			);
			path = S3TC;
			sourceTree = "<group>";
		};
		E45034DB175CD53B0079B62D /* RGB */ = {
			isa = PBXGroup;
			children = (
				E45034F61760DC300079B62D /* CMakeLists.txt */,
				E45034F41760DC220079B62D /* rgb_enc.c */,
			);
			path = RGB;
			sourceTree = "<group>";
		};
		E45034DC175CD5410079B62D /* PVRTC */ = {
			isa = PBXGroup;
			children = (
			);
			path = PVRTC;
			sourceTree = "<group>";
		};
		E45034E8175CDACE0079B62D /* cmake */ = {
			isa = PBXGroup;
			children = (
				E45034E0175CD9720079B62D /* pspl_tm_config.c.in */,
				E45034EA175CDB210079B62D /* pspl_tm_dec_def.h.in */,
				E45034E9175CDB0B0079B62D /* pspl_tm_enc_def.h.in */,
			);
			path = cmake;
			sourceTree = "<group>";
		};
		E45034EE175CDFBF0079B62D /* PNG */ = {
			isa = PBXGroup;
			children = (
			);
			path = PNG;
			sourceTree = "<group>";
		};
		E45034EF175CDFC40079B62D /* JPEG */ = {
			isa = PBXGroup;
			children = (
			);
			path = JPEG;
			sourceTree = "<group>";
		};
		E45034F0175CDFD30079B62D /* TGA */ = {
			isa = PBXGroup;
			children = (
			);
			path = TGA;
			sourceTree = "<group>";
		};
		E45034F1175CDFD80079B62D /* TIFF */ = {
			isa = PBXGroup;
			children = (
			);
			path = TIFF;
			sourceTree = "<group>";
		};
		E48FF55C1764CDB4000231AA /* PSPL_IR */ = {
			isa = PBXGroup;
			children = (
				E48FF55E1764CE15000231AA /* CMakeLists.txt */,
				E49E051C176A04AA002E1492 /* CalcChain.c */,
				E48FF55F1764CF29000231AA /* IRToolchain.c */,
				E48FF5611764CF31000231AA /* IRRuntime.c */,
			);
			path = PSPL_IR;
			sourceTree = "<group>";
		};
		E4995F2A173E8B3E003B06BF /* Hash */ = {
			isa = PBXGroup;
			children = (
				E4995F2C173E8C06003B06BF /* CMakeLists.txt */,
				E4995F2D173E8C4D003B06BF /* hash_builtin.h */,
				E4995F2E173E8C55003B06BF /* hash_builtin.c */,
				E4995F30173E8C6C003B06BF /* hash_commoncrypto.h */,
				E4995F31173E8C87003B06BF /* hash_openssl.h */,
				E4995F32173E8C92003B06BF /* hash_windows.h */,
			);
			path = Hash;
			sourceTree = "<group>";
		};
		E4AFAE1E171C8F8E00F7A0BF = {
			isa = PBXGroup;
			children = (
				E4E4918D1753FACF006FCA59 /* pspl_available_toolchain_extensions.c */,
				E4E4918C1753FACF006FCA59 /* pspl_available_runtime_extensions.c */,
				E4AFAE28171C92B900F7A0BF /* COPYING */,
				E4AFAE29171C92BE00F7A0BF /* README.md */,
				E40231C017543F2100DE076A /* api.docurium */,
				E4AFAE72171DFF1800F7A0BF /* CMakeLists.txt */,
				E4AFAE73171EF72E00F7A0BF /* cmake */,
				E4AFAE911729D90E00F7A0BF /* PSPLInternal.h */,
				E4E4916E17510684006FCA59 /* PSPLCommon.c */,
				E4AFAE26171C8FF100F7A0BF /* Toolchain */,
				E4AFAE25171C8FDB00F7A0BF /* Runtime */,
				E4995F2B173E8BCE003B06BF /* PSPLHash.h */,
				E4995F2A173E8B3E003B06BF /* Hash */,
				E4AFAE2E171C936300F7A0BF /* include */,
				E4BB18E517347F6B00B8CDD1 /* Platforms */,
				E4AFAE37171C955400F7A0BF /* Extensions */,
				E45034B7175811600079B62D /* Test */,
				E4AFAE5C171CF46500F7A0BF /* Products */,
			);
			sourceTree = "<group>";
		};
		E4AFAE25171C8FDB00F7A0BF /* Runtime */ = {
			isa = PBXGroup;
			children = (
				E4AFAE2B171C92E000F7A0BF /* README.md */,
				E4AFAE8517259A2800F7A0BF /* CMakeLists.txt */,
				E4E4916C175105FF006FCA59 /* RuntimeCore.c */,
				E4C527141778B71900D1D822 /* RuntimeThreads.c */,
			);
			path = Runtime;
			sourceTree = "<group>";
		};
		E4AFAE26171C8FF100F7A0BF /* Toolchain */ = {
			isa = PBXGroup;
			children = (
				E4AFAE2A171C92D100F7A0BF /* README.md */,
				E4AFAE8417259A1900F7A0BF /* CMakeLists.txt */,
				E4AFAE93172D5F7900F7A0BF /* Driver.h */,
				E4AFAE46171CA34700F7A0BF /* Driver.c */,
				E4AFAEA017315D3800F7A0BF /* Buffer.h */,
				E4AFAEA117315D4000F7A0BF /* Buffer.c */,
				E4AFAE94172D898100F7A0BF /* Preprocessor.h */,
				E4AFAE95172D898B00F7A0BF /* Preprocessor.c */,
				E4AFAE97172D899400F7A0BF /* Compiler.h */,
				E4AFAE98172D899D00F7A0BF /* Compiler.c */,
				E4995F3917405785003B06BF /* ReferenceGatherer.h */,
				E4995F3A1740578E003B06BF /* ReferenceGatherer.c */,
				E4995F3C17411617003B06BF /* ObjectIndexer.h */,
				E4995F3D17411620003B06BF /* ObjectIndexer.c */,
				E4AFAE9C172DB2D400F7A0BF /* Packager.h */,
				E4AFAE9B172DB2D400F7A0BF /* Packager.c */,
			);
			path = Toolchain;
			sourceTree = "<group>";
		};
		E4AFAE2E171C936300F7A0BF /* include */ = {
			isa = PBXGroup;
			children = (
				E4AFAE54171CA6D700F7A0BF /* PSPLExtension.h */,
				E45034D4175819BC0079B62D /* PSPLRuntime.h */,
				E4AFAE32171C93C000F7A0BF /* PSPL */,
			);
			path = include;
			sourceTree = "<group>";
		};
		E4AFAE32171C93C000F7A0BF /* PSPL */ = {
			isa = PBXGroup;
			children = (
				E4AFAE33171C941500F7A0BF /* PSPLCommon.h */,
				E4AFAE4B171CA3DA00F7A0BF /* PSPLValue.h */,
				E4AFAE53171CA6C700F7A0BF /* PSPLToolchainExtension.h */,
				E4AFAE56171CA74A00F7A0BF /* PSPLRuntimeExtension.h */,
				E44E3FE9176E3A9C00665937 /* PSPL_IR.h */,
				E4C527101778A4FF00D1D822 /* PSPLRuntimeThreads.h */,
			);
			path = PSPL;
			sourceTree = "<group>";
		};
		E4AFAE37171C955400F7A0BF /* Extensions */ = {
			isa = PBXGroup;
			children = (
				E4AFAE78171F002700F7A0BF /* CMakeLists.txt */,
				E4BB18D7173432EA00B8CDD1 /* PSPLBuiltins */,
				E48FF55C1764CDB4000231AA /* PSPL_IR */,
				E4AFAE871726DEC800F7A0BF /* PMDLFormat */,
				E4C5270C1778A23F00D1D822 /* SceneManager */,
				E4AFAE38171C978E00F7A0BF /* TextureManager */,
				E4AFAE43171CA0CD00F7A0BF /* LightingManager */,
			);
			path = Extensions;
			sourceTree = "<group>";
		};
		E4AFAE38171C978E00F7A0BF /* TextureManager */ = {
			isa = PBXGroup;
			children = (
				E4AFAE42171C9E4700F7A0BF /* README.md */,
				E45034DF175CD5FF0079B62D /* CMakeLists.txt */,
				E45034E8175CDACE0079B62D /* cmake */,
				E45034F2175D80F90079B62D /* pspl_tm_config.c */,
				E45034F71760E2BE0079B62D /* TMCommon.h */,
				E45034E2175CDA300079B62D /* TMToolchain.h */,
				E45034E3175CDA4A0079B62D /* TMToolchain.c */,
				E45034E5175CDA560079B62D /* TMRuntime.c */,
				E4C5E8B4177E04A600D73E7D /* TMRuntime_d3d.h */,
				E4C5E8B3177E04A600D73E7D /* TMRuntime_d3d.cpp */,
				E45034D8175CD46A0079B62D /* Decoders */,
				E45034D9175CD4720079B62D /* Encoders */,
			);
			path = TextureManager;
			sourceTree = "<group>";
		};
		E4AFAE3B171C98BB00F7A0BF /* Direct3D */ = {
			isa = PBXGroup;
			children = (
				E4AFAE3F171C9E2C00F7A0BF /* README.md */,
				E4E49176175109A3006FCA59 /* CMakeLists.txt */,
				E4E49177175109B7006FCA59 /* D3D11_PSPLTypes.h */,
				E4E49178175109D4006FCA59 /* d3d_toolchain.c */,
				E4E4917A175109DD006FCA59 /* d3d_runtime.c */,
			);
			path = Direct3D;
			sourceTree = "<group>";
		};
		E4AFAE3C171C98BB00F7A0BF /* GX */ = {
			isa = PBXGroup;
			children = (
				E4AFAE41171C9E3E00F7A0BF /* README.md */,
				E4AFAE8317238EC800F7A0BF /* CMakeLists.txt */,
				E4F078E4173AA5F9000D6699 /* GX_PSPLTypes.h */,
				E45591D7174D60C100CE0A08 /* gx_toolchain.c */,
				E4AFAE6F171D83C900F7A0BF /* gx_runtime.c */,
				E4E4918817510BAA006FCA59 /* GXStreamGen */,
			);
			path = GX;
			sourceTree = "<group>";
		};
		E4AFAE3D171C98BB00F7A0BF /* OpenGL */ = {
			isa = PBXGroup;
			children = (
				E4AFAE40171C9E3700F7A0BF /* README.md */,
				E4E49170175108C4006FCA59 /* CMakeLists.txt */,
				E4E491711751093A006FCA59 /* GL2_PSPLTypes.h */,
				E4E7F23F1770040800E87FCB /* gl_common.h */,
				E4E491721751094E006FCA59 /* gl_toolchain.c */,
				E4E4917417510956006FCA59 /* gl_runtime.c */,
				E462EEA81778FC0200211193 /* gl_runtime_ios.m */,
			);
			path = OpenGL;
			sourceTree = "<group>";
		};
		E4AFAE43171CA0CD00F7A0BF /* LightingManager */ = {
			isa = PBXGroup;
			children = (
				E4AFAE45171CA0EF00F7A0BF /* README.md */,
			);
			path = LightingManager;
			sourceTree = "<group>";
		};
		E4AFAE5C171CF46500F7A0BF /* Products */ = {
			isa = PBXGroup;
			children = (
				E4AFAE5B171CF46500F7A0BF /* TEST-TOOLCHAIN */,
				E4E4918017510B35006FCA59 /* libTEST-RUNTIME.a */,
				E45034C31758131E0079B62D /* TEST-APP */,
			);
			name = Products;
			sourceTree = "<group>";
		};
		E4AFAE73171EF72E00F7A0BF /* cmake */ = {
			isa = PBXGroup;
			children = (
				E4AFAE77171EFF7900F7A0BF /* README.md */,
				E48CCCBC1747D4D500DDDD63 /* ToolchainCrossWindows.cmake */,
				E4AFAE7C17218D8300F7A0BF /* Templates */,
				E4AFAE74171EF74600F7A0BF /* PSPLConfig.cmake.in */,
				E4AFAE76171EF78600F7A0BF /* PSPLExtensionMacros.cmake */,
				E4AFAE75171EF76100F7A0BF /* PSPLArtPipelineMacros.cmake */,
				E4C527131778AE5300D1D822 /* FindMacSDK.cmake */,
				E4C527111778A8A200D1D822 /* FindGCD.cmake */,
			);
			path = cmake;
			sourceTree = "<group>";
		};
		E4AFAE7C17218D8300F7A0BF /* Templates */ = {
			isa = PBXGroup;
			children = (
				E4AFAE8617259D0400F7A0BF /* pspl_available_extensions.c.in */,
				E4BB18E417347B3D00B8CDD1 /* pspl_platform_def.h.in */,
				E4AFAE821721A94B00F7A0BF /* pspl_extension_def.h.in */,
				E4F078E5173AA891000D6699 /* pspl_runtime_platform_typefile.pch.in */,
			);
			path = Templates;
			sourceTree = "<group>";
		};
		E4AFAE871726DEC800F7A0BF /* PMDLFormat */ = {
			isa = PBXGroup;
			children = (
				E4AFAE881726DEC800F7A0BF /* README.md */,
			);
			path = PMDLFormat;
			sourceTree = "<group>";
		};
		E4AFAE891729A9BC00F7A0BF /* PSD */ = {
			isa = PBXGroup;
			children = (
				E4AFAE8A1729A9BC00F7A0BF /* README.md */,
				E45034DE175CD5E70079B62D /* CMakeLists.txt */,
				E45034EC175CDDA30079B62D /* psd_dec.c */,
			);
			path = PSD;
			sourceTree = "<group>";
		};
		E4AFAE8B1729A9BC00F7A0BF /* XCF */ = {
			isa = PBXGroup;
			children = (
				E4AFAE8D1729A9CC00F7A0BF /* README.md */,
				E4AFAE8C1729A9BC00F7A0BF /* SPECIFICATION.md */,
			);
			path = XCF;
			sourceTree = "<group>";
		};
		E4AFAE8E1729AB1100F7A0BF /* OpenRaster */ = {
			isa = PBXGroup;
			children = (
				E4AFAE8F1729AB3C00F7A0BF /* README.md */,
			);
			path = OpenRaster;
			sourceTree = "<group>";
		};
		E4BB18D7173432EA00B8CDD1 /* PSPLBuiltins */ = {
			isa = PBXGroup;
			children = (
				E4BB18D81734333800B8CDD1 /* README.md */,
				E4BB18E31734635400B8CDD1 /* CMakeLists.txt */,
				E4BB18DB173462A800B8CDD1 /* BuiltinsToolchain.c */,
			);
			path = PSPLBuiltins;
			sourceTree = "<group>";
		};
		E4BB18E517347F6B00B8CDD1 /* Platforms */ = {
			isa = PBXGroup;
			children = (
				E4BB18E61734803A00B8CDD1 /* CMakeLists.txt */,
				E4AFAE3D171C98BB00F7A0BF /* OpenGL */,
				E4AFAE3C171C98BB00F7A0BF /* GX */,
				E4AFAE3B171C98BB00F7A0BF /* Direct3D */,
			);
			path = Platforms;
			sourceTree = "<group>";
		};
		E4C5270C1778A23F00D1D822 /* SceneManager */ = {
			isa = PBXGroup;
			children = (
				E4C5270D1778A26100D1D822 /* CMakeLists.txt */,
				E4C5270E1778A32D00D1D822 /* SMRuntime.c */,
			);
			path = SceneManager;
			sourceTree = "<group>";
		};
		E4E4918817510BAA006FCA59 /* GXStreamGen */ = {
			isa = PBXGroup;
			children = (
				E4AFAE7B1720DAC400F7A0BF /* gctypes.h */,
				E4AFAE7A1720DA7900F7A0BF /* gx_regdef.h */,
				E4AFAE791720D49B00F7A0BF /* gx_offline.h */,
				E4AFAE6B171D825400F7A0BF /* gx_offline.c */,
			);
			path = GXStreamGen;
			sourceTree = "<group>";
		};
/* End PBXGroup section */

/* Begin PBXHeadersBuildPhase section */
		E4E4917E17510B35006FCA59 /* Headers */ = {
			isa = PBXHeadersBuildPhase;
			buildActionMask = 2147483647;
			files = (
				E462EEA71778C12F00211193 /* PSPLRuntimeThreads.h in Headers */,
			);
			runOnlyForDeploymentPostprocessing = 0;
		};
/* End PBXHeadersBuildPhase section */

/* Begin PBXNativeTarget section */
		E45034C21758131E0079B62D /* TEST-APP */ = {
			isa = PBXNativeTarget;
			buildConfigurationList = E45034C91758131E0079B62D /* Build configuration list for PBXNativeTarget "TEST-APP" */;
			buildPhases = (
				E45034BF1758131E0079B62D /* Sources */,
				E45034C01758131E0079B62D /* Frameworks */,
			);
			buildRules = (
			);
			dependencies = (
				E45034CD1758133F0079B62D /* PBXTargetDependency */,
			);
			name = "TEST-APP";
			productName = "TEST-APP";
			productReference = E45034C31758131E0079B62D /* TEST-APP */;
			productType = "com.apple.product-type.tool";
		};
		E4AFAE5A171CF46500F7A0BF /* TEST-TOOLCHAIN */ = {
			isa = PBXNativeTarget;
			buildConfigurationList = E4AFAE67171CF46600F7A0BF /* Build configuration list for PBXNativeTarget "TEST-TOOLCHAIN" */;
			buildPhases = (
				E4AFAE57171CF46500F7A0BF /* Sources */,
				E4AFAE58171CF46500F7A0BF /* Frameworks */,
				E4AFAE59171CF46500F7A0BF /* CopyFiles */,
			);
			buildRules = (
			);
			dependencies = (
			);
			name = "TEST-TOOLCHAIN";
			productName = "FAKE-TARGET";
			productReference = E4AFAE5B171CF46500F7A0BF /* TEST-TOOLCHAIN */;
			productType = "com.apple.product-type.tool";
		};
		E4E4917F17510B35006FCA59 /* TEST-RUNTIME */ = {
			isa = PBXNativeTarget;
			buildConfigurationList = E4E4918117510B35006FCA59 /* Build configuration list for PBXNativeTarget "TEST-RUNTIME" */;
			buildPhases = (
				E4E4917C17510B35006FCA59 /* Sources */,
				E4E4917D17510B35006FCA59 /* Frameworks */,
				E4E4917E17510B35006FCA59 /* Headers */,
			);
			buildRules = (
			);
			dependencies = (
			);
			name = "TEST-RUNTIME";
			productName = "TEST-RUNTIME";
			productReference = E4E4918017510B35006FCA59 /* libTEST-RUNTIME.a */;
			productType = "com.apple.product-type.library.static";
		};
/* End PBXNativeTarget section */

/* Begin PBXProject section */
		E4AFAE1F171C8F8E00F7A0BF /* Project object */ = {
			isa = PBXProject;
			attributes = {
				LastUpgradeCheck = 0500;
			};
			buildConfigurationList = E4AFAE22171C8F8E00F7A0BF /* Build configuration list for PBXProject "PSPL" */;
			compatibilityVersion = "Xcode 3.2";
			developmentRegion = English;
			hasScannedForEncodings = 0;
			knownRegions = (
				en,
			);
			mainGroup = E4AFAE1E171C8F8E00F7A0BF;
			productRefGroup = E4AFAE5C171CF46500F7A0BF /* Products */;
			projectDirPath = "";
			projectRoot = "";
			targets = (
				E4AFAE5A171CF46500F7A0BF /* TEST-TOOLCHAIN */,
				E4E4917F17510B35006FCA59 /* TEST-RUNTIME */,
				E45034C21758131E0079B62D /* TEST-APP */,
			);
		};
/* End PBXProject section */

/* Begin PBXSourcesBuildPhase section */
		E45034BF1758131E0079B62D /* Sources */ = {
			isa = PBXSourcesBuildPhase;
			buildActionMask = 2147483647;
			files = (
				E45034CF175813490079B62D /* test_mac.c in Sources */,
			);
			runOnlyForDeploymentPostprocessing = 0;
		};
		E4AFAE57171CF46500F7A0BF /* Sources */ = {
			isa = PBXSourcesBuildPhase;
			buildActionMask = 2147483647;
			files = (
				E4AFAE96172D898B00F7A0BF /* Preprocessor.c in Sources */,
				E4AFAE99172D899D00F7A0BF /* Compiler.c in Sources */,
				E4AFAEA217315D4000F7A0BF /* Buffer.c in Sources */,
				E4AFAEA3173161B500F7A0BF /* Driver.c in Sources */,
				E4B7BCF0173C9DC0002A513E /* gx_offline.c in Sources */,
				E4995F2F173E8C55003B06BF /* hash_builtin.c in Sources */,
				E4995F3B1740578E003B06BF /* ReferenceGatherer.c in Sources */,
				E4995F3E17411620003B06BF /* ObjectIndexer.c in Sources */,
				E45591D6174ADA8F00CE0A08 /* Packager.c in Sources */,
				E45591D8174D60C100CE0A08 /* gx_toolchain.c in Sources */,
				E43B8EBB174DC28900F8C5FB /* BuiltinsToolchain.c in Sources */,
				E4E4916F17510685006FCA59 /* PSPLCommon.c in Sources */,
				E4E491731751094E006FCA59 /* gl_toolchain.c in Sources */,
				E4E49179175109D4006FCA59 /* d3d_toolchain.c in Sources */,
				E4E4918F1753FAD6006FCA59 /* pspl_available_toolchain_extensions.c in Sources */,
				E45034E4175CDA4A0079B62D /* TMToolchain.c in Sources */,
				E45034ED175CDDA30079B62D /* psd_dec.c in Sources */,
				E45034F3175D80FA0079B62D /* pspl_tm_config.c in Sources */,
				E45034F51760DC220079B62D /* rgb_enc.c in Sources */,
				E48FF5601764CF29000231AA /* IRToolchain.c in Sources */,
				E447F7FA17749CB90081E1DF /* CalcChain.c in Sources */,
			);
			runOnlyForDeploymentPostprocessing = 0;
		};
		E4E4917C17510B35006FCA59 /* Sources */ = {
			isa = PBXSourcesBuildPhase;
			buildActionMask = 2147483647;
			files = (
				E462EEA91778FC5B00211193 /* gl_runtime_ios.m in Sources */,
				E4C5E8B6177E12DB00D73E7D /* TMRuntime_d3d.cpp in Sources */,
				E4E4918417510B40006FCA59 /* RuntimeCore.c in Sources */,
				E4E4918517510B4D006FCA59 /* gl_runtime.c in Sources */,
				E4E4918617510B59006FCA59 /* d3d_runtime.c in Sources */,
				E4C5E8B7177E1BAC00D73E7D /* TMRuntime.c in Sources */,
				E4C527151778B81300D1D822 /* RuntimeThreads.c in Sources */,
				E4E4918917511863006FCA59 /* PSPLCommon.c in Sources */,
				E447F7FC1774A6780081E1DF /* CalcChain.c in Sources */,
				E4E4918E1753FAD3006FCA59 /* pspl_available_runtime_extensions.c in Sources */,
				E4C5270F1778A36300D1D822 /* SMRuntime.c in Sources */,
				E48FF5631764D91C000231AA /* IRRuntime.c in Sources */,
			);
			runOnlyForDeploymentPostprocessing = 0;
		};
/* End PBXSourcesBuildPhase section */

/* Begin PBXTargetDependency section */
		E45034CD1758133F0079B62D /* PBXTargetDependency */ = {
			isa = PBXTargetDependency;
			target = E4E4917F17510B35006FCA59 /* TEST-RUNTIME */;
			targetProxy = E45034CC1758133F0079B62D /* PBXContainerItemProxy */;
		};
/* End PBXTargetDependency section */

/* Begin XCBuildConfiguration section */
		E45034CA1758131E0079B62D /* Debug */ = {
			isa = XCBuildConfiguration;
			buildSettings = {
				ALWAYS_SEARCH_USER_PATHS = NO;
				CLANG_CXX_LANGUAGE_STANDARD = "gnu++0x";
				CLANG_CXX_LIBRARY = "libc++";
				CLANG_WARN_CONSTANT_CONVERSION = YES;
				CLANG_WARN_EMPTY_BODY = YES;
				CLANG_WARN_ENUM_CONVERSION = YES;
				CLANG_WARN_INT_CONVERSION = YES;
				CLANG_WARN__DUPLICATE_METHOD_MATCH = YES;
				COPY_PHASE_STRIP = NO;
				GCC_C_LANGUAGE_STANDARD = gnu99;
				GCC_DYNAMIC_NO_PIC = NO;
				GCC_ENABLE_OBJC_EXCEPTIONS = YES;
				GCC_OPTIMIZATION_LEVEL = 0;
				GCC_PREPROCESSOR_DEFINITIONS = (
					"DEBUG=1",
					"$(inherited)",
				);
				GCC_SYMBOLS_PRIVATE_EXTERN = NO;
				GCC_WARN_64_TO_32_BIT_CONVERSION = YES;
				GCC_WARN_ABOUT_RETURN_TYPE = YES;
				GCC_WARN_UNINITIALIZED_AUTOS = YES;
				GCC_WARN_UNUSED_VARIABLE = YES;
				HEADER_SEARCH_PATHS = include;
				MACOSX_DEPLOYMENT_TARGET = 10.8;
				ONLY_ACTIVE_ARCH = YES;
				PRODUCT_NAME = "$(TARGET_NAME)";
				SDKROOT = macosx;
			};
			name = Debug;
		};
		E45034CB1758131E0079B62D /* Release */ = {
			isa = XCBuildConfiguration;
			buildSettings = {
				ALWAYS_SEARCH_USER_PATHS = NO;
				CLANG_CXX_LANGUAGE_STANDARD = "gnu++0x";
				CLANG_CXX_LIBRARY = "libc++";
				CLANG_WARN_CONSTANT_CONVERSION = YES;
				CLANG_WARN_EMPTY_BODY = YES;
				CLANG_WARN_ENUM_CONVERSION = YES;
				CLANG_WARN_INT_CONVERSION = YES;
				CLANG_WARN__DUPLICATE_METHOD_MATCH = YES;
				COPY_PHASE_STRIP = YES;
				DEBUG_INFORMATION_FORMAT = "dwarf-with-dsym";
				GCC_C_LANGUAGE_STANDARD = gnu99;
				GCC_ENABLE_OBJC_EXCEPTIONS = YES;
				GCC_WARN_64_TO_32_BIT_CONVERSION = YES;
				GCC_WARN_ABOUT_RETURN_TYPE = YES;
				GCC_WARN_UNINITIALIZED_AUTOS = YES;
				GCC_WARN_UNUSED_VARIABLE = YES;
				HEADER_SEARCH_PATHS = include;
				MACOSX_DEPLOYMENT_TARGET = 10.8;
				PRODUCT_NAME = "$(TARGET_NAME)";
				SDKROOT = macosx;
			};
			name = Release;
		};
		E4AFAE23171C8F8E00F7A0BF /* Debug */ = {
			isa = XCBuildConfiguration;
			buildSettings = {
				ONLY_ACTIVE_ARCH = YES;
			};
			name = Debug;
		};
		E4AFAE24171C8F8E00F7A0BF /* Release */ = {
			isa = XCBuildConfiguration;
			buildSettings = {
			};
			name = Release;
		};
		E4AFAE68171CF46600F7A0BF /* Debug */ = {
			isa = XCBuildConfiguration;
			buildSettings = {
				ALWAYS_SEARCH_USER_PATHS = NO;
				CLANG_CXX_LANGUAGE_STANDARD = "gnu++0x";
				CLANG_CXX_LIBRARY = "libc++";
				CLANG_ENABLE_OBJC_ARC = YES;
				CLANG_WARN_CONSTANT_CONVERSION = YES;
				CLANG_WARN_EMPTY_BODY = YES;
				CLANG_WARN_ENUM_CONVERSION = YES;
				CLANG_WARN_INT_CONVERSION = YES;
				CLANG_WARN__DUPLICATE_METHOD_MATCH = YES;
				COPY_PHASE_STRIP = NO;
				GCC_C_LANGUAGE_STANDARD = gnu99;
				GCC_DYNAMIC_NO_PIC = NO;
				GCC_ENABLE_OBJC_EXCEPTIONS = YES;
				GCC_OPTIMIZATION_LEVEL = 0;
				GCC_PRECOMPILE_PREFIX_HEADER = YES;
				GCC_PREPROCESSOR_DEFINITIONS = (
					"PSPL_TOOLCHAIN=1",
					PSPL_HASHING_COMMON_CRYPTO,
				);
				GCC_SYMBOLS_PRIVATE_EXTERN = NO;
				GCC_WARN_64_TO_32_BIT_CONVERSION = YES;
				GCC_WARN_ABOUT_RETURN_TYPE = YES;
				GCC_WARN_UNINITIALIZED_AUTOS = YES;
				GCC_WARN_UNUSED_VARIABLE = YES;
				HEADER_SEARCH_PATHS = (
					include,
					.,
				);
				LIBRARY_SEARCH_PATHS = (
					"$(inherited)",
					"\"$(SDKROOT)/usr/lib/system\"",
				);
				MACOSX_DEPLOYMENT_TARGET = 10.8;
				ONLY_ACTIVE_ARCH = YES;
				PRODUCT_NAME = "$(TARGET_NAME)";
				SDKROOT = macosx;
			};
			name = Debug;
		};
		E4AFAE69171CF46600F7A0BF /* Release */ = {
			isa = XCBuildConfiguration;
			buildSettings = {
				ALWAYS_SEARCH_USER_PATHS = NO;
				CLANG_CXX_LANGUAGE_STANDARD = "gnu++0x";
				CLANG_CXX_LIBRARY = "libc++";
				CLANG_ENABLE_OBJC_ARC = YES;
				CLANG_WARN_CONSTANT_CONVERSION = YES;
				CLANG_WARN_EMPTY_BODY = YES;
				CLANG_WARN_ENUM_CONVERSION = YES;
				CLANG_WARN_INT_CONVERSION = YES;
				CLANG_WARN__DUPLICATE_METHOD_MATCH = YES;
				COPY_PHASE_STRIP = YES;
				DEBUG_INFORMATION_FORMAT = "dwarf-with-dsym";
				GCC_C_LANGUAGE_STANDARD = gnu99;
				GCC_ENABLE_OBJC_EXCEPTIONS = YES;
				GCC_PRECOMPILE_PREFIX_HEADER = YES;
				GCC_PREPROCESSOR_DEFINITIONS = (
					"PSPL_TOOLCHAIN=1",
					PSPL_HASHING_COMMON_CRYPTO,
				);
				GCC_WARN_64_TO_32_BIT_CONVERSION = YES;
				GCC_WARN_ABOUT_RETURN_TYPE = YES;
				GCC_WARN_UNINITIALIZED_AUTOS = YES;
				GCC_WARN_UNUSED_VARIABLE = YES;
				HEADER_SEARCH_PATHS = (
					include,
					.,
				);
				LIBRARY_SEARCH_PATHS = (
					"$(inherited)",
					"\"$(SDKROOT)/usr/lib/system\"",
				);
				MACOSX_DEPLOYMENT_TARGET = 10.8;
				PRODUCT_NAME = "$(TARGET_NAME)";
				SDKROOT = macosx;
			};
			name = Release;
		};
		E4E4918217510B35006FCA59 /* Debug */ = {
			isa = XCBuildConfiguration;
			buildSettings = {
				ALWAYS_SEARCH_USER_PATHS = NO;
				CLANG_CXX_LANGUAGE_STANDARD = "gnu++0x";
				CLANG_CXX_LIBRARY = "libc++";
				CLANG_WARN_CONSTANT_CONVERSION = YES;
				CLANG_WARN_EMPTY_BODY = YES;
				CLANG_WARN_ENUM_CONVERSION = YES;
				CLANG_WARN_INT_CONVERSION = YES;
				CLANG_WARN__DUPLICATE_METHOD_MATCH = YES;
				COPY_PHASE_STRIP = NO;
				EXECUTABLE_PREFIX = lib;
				GCC_C_LANGUAGE_STANDARD = gnu99;
				GCC_DYNAMIC_NO_PIC = NO;
				GCC_ENABLE_OBJC_EXCEPTIONS = YES;
				GCC_OPTIMIZATION_LEVEL = 0;
				GCC_PREFIX_HEADER = build/Runtime/pspl_runtime_platform_typefile.pch;
				GCC_PREPROCESSOR_DEFINITIONS = (
					"PSPL_RUNTIME=1",
					PSPL_HASHING_COMMON_CRYPTO,
					"PSPL_RUNTIME_PLATFORM_D3D11=1",
					PSPL_THREADING_WIN32,
				);
				GCC_SYMBOLS_PRIVATE_EXTERN = NO;
				GCC_WARN_64_TO_32_BIT_CONVERSION = YES;
				GCC_WARN_ABOUT_RETURN_TYPE = YES;
				GCC_WARN_UNINITIALIZED_AUTOS = YES;
				GCC_WARN_UNUSED_VARIABLE = YES;
				HEADER_SEARCH_PATHS = (
					.,
					include,
					/Users/jacko/Documents/ProjectPhoton/WiiStep/build/libogc/include,
					"/opt/mingw-w64/x86_64-w64-mingw32/include",
				);
				MACOSX_DEPLOYMENT_TARGET = 10.8;
				ONLY_ACTIVE_ARCH = YES;
				PRODUCT_NAME = "$(TARGET_NAME)";
				SDKROOT = macosx;
			};
			name = Debug;
		};
		E4E4918317510B35006FCA59 /* Release */ = {
			isa = XCBuildConfiguration;
			buildSettings = {
				ALWAYS_SEARCH_USER_PATHS = NO;
				CLANG_CXX_LANGUAGE_STANDARD = "gnu++0x";
				CLANG_CXX_LIBRARY = "libc++";
				CLANG_WARN_CONSTANT_CONVERSION = YES;
				CLANG_WARN_EMPTY_BODY = YES;
				CLANG_WARN_ENUM_CONVERSION = YES;
				CLANG_WARN_INT_CONVERSION = YES;
				CLANG_WARN__DUPLICATE_METHOD_MATCH = YES;
				COPY_PHASE_STRIP = YES;
				DEBUG_INFORMATION_FORMAT = "dwarf-with-dsym";
				EXECUTABLE_PREFIX = lib;
				GCC_C_LANGUAGE_STANDARD = gnu99;
				GCC_ENABLE_OBJC_EXCEPTIONS = YES;
				GCC_PREFIX_HEADER = build/Runtime/pspl_runtime_platform_typefile.pch;
				GCC_PREPROCESSOR_DEFINITIONS = (
					"PSPL_RUNTIME=1",
					PSPL_HASHING_COMMON_CRYPTO,
					"PSPL_RUNTIME_PLATFORM_D3D11=1",
					PSPL_THREADING_WIN32,
				);
				GCC_WARN_64_TO_32_BIT_CONVERSION = YES;
				GCC_WARN_ABOUT_RETURN_TYPE = YES;
				GCC_WARN_UNINITIALIZED_AUTOS = YES;
				GCC_WARN_UNUSED_VARIABLE = YES;
				HEADER_SEARCH_PATHS = (
					.,
					include,
					/Users/jacko/Documents/ProjectPhoton/WiiStep/build/libogc/include,
					"/opt/mingw-w64/x86_64-w64-mingw32/include",
				);
				MACOSX_DEPLOYMENT_TARGET = 10.8;
				PRODUCT_NAME = "$(TARGET_NAME)";
				SDKROOT = macosx;
			};
			name = Release;
		};
/* End XCBuildConfiguration section */

/* Begin XCConfigurationList section */
		E45034C91758131E0079B62D /* Build configuration list for PBXNativeTarget "TEST-APP" */ = {
			isa = XCConfigurationList;
			buildConfigurations = (
				E45034CA1758131E0079B62D /* Debug */,
				E45034CB1758131E0079B62D /* Release */,
			);
			defaultConfigurationIsVisible = 0;
			defaultConfigurationName = Release;
		};
		E4AFAE22171C8F8E00F7A0BF /* Build configuration list for PBXProject "PSPL" */ = {
			isa = XCConfigurationList;
			buildConfigurations = (
				E4AFAE23171C8F8E00F7A0BF /* Debug */,
				E4AFAE24171C8F8E00F7A0BF /* Release */,
			);
			defaultConfigurationIsVisible = 0;
			defaultConfigurationName = Release;
		};
		E4AFAE67171CF46600F7A0BF /* Build configuration list for PBXNativeTarget "TEST-TOOLCHAIN" */ = {
			isa = XCConfigurationList;
			buildConfigurations = (
				E4AFAE68171CF46600F7A0BF /* Debug */,
				E4AFAE69171CF46600F7A0BF /* Release */,
			);
			defaultConfigurationIsVisible = 0;
			defaultConfigurationName = Release;
		};
		E4E4918117510B35006FCA59 /* Build configuration list for PBXNativeTarget "TEST-RUNTIME" */ = {
			isa = XCConfigurationList;
			buildConfigurations = (
				E4E4918217510B35006FCA59 /* Debug */,
				E4E4918317510B35006FCA59 /* Release */,
			);
			defaultConfigurationIsVisible = 0;
			defaultConfigurationName = Release;
		};
/* End XCConfigurationList section */
	};
	rootObject = E4AFAE1F171C8F8E00F7A0BF /* Project object */;
}
